
Microsoft Visual Studio Solution File, Format Version 12.00
# Visual Studio Version 16
VisualStudioVersion = 16.0.29519.87
MinimumVisualStudioVersion = 10.0.40219.1
Project("{9A19103F-16F7-4668-BE54-9A1E7A4F7556}") = "B1CmdClient", "B1CmdClient\B1CmdClient.csproj", "{6C633DEB-A525-40CB-AFF0-5CD33C6F65BF}"
EndProject
Project("{9A19103F-16F7-4668-BE54-9A1E7A4F7556}") = "B1CmdServer", "B1CmdServer\B1CmdServer.csproj", "{987E8CD9-D94E-4364-B007-74815B907184}"
EndProject
Project("{9A19103F-16F7-4668-BE54-9A1E7A4F7556}") = "ConsoleClient", "ConsoleClient\ConsoleClient.csproj", "{50807E60-184B-449E-9B84-5160BC24CAA2}"
EndProject
Project("{FAE04EC0-301F-11D3-BF4B-00C04F79EFBC}") = "B1CmdClient.Tests", "B1CmdClient.Tests\B1CmdClient.Tests.csproj", "{096A0E0C-14E8-461D-93C8-53B585CC05C7}"
EndProject
Global
	GlobalSection(SolutionConfigurationPlatforms) = preSolution
		Debug|Any CPU = Debug|Any CPU
		Release|Any CPU = Release|Any CPU
	EndGlobalSection
	GlobalSection(ProjectConfigurationPlatforms) = postSolution
		{6C633DEB-A525-40CB-AFF0-5CD33C6F65BF}.Debug|Any CPU.ActiveCfg = Debug|Any CPU
		{6C633DEB-A525-40CB-AFF0-5CD33C6F65BF}.Debug|Any CPU.Build.0 = Debug|Any CPU
		{6C633DEB-A525-40CB-AFF0-5CD33C6F65BF}.Release|Any CPU.ActiveCfg = Release|Any CPU
		{6C633DEB-A525-40CB-AFF0-5CD33C6F65BF}.Release|Any CPU.Build.0 = Release|Any CPU
		{987E8CD9-D94E-4364-B007-74815B907184}.Debug|Any CPU.ActiveCfg = Debug|Any CPU
		{987E8CD9-D94E-4364-B007-74815B907184}.Debug|Any CPU.Build.0 = Debug|Any CPU
		{987E8CD9-D94E-4364-B007-74815B907184}.Release|Any CPU.ActiveCfg = Release|Any CPU
		{987E8CD9-D94E-4364-B007-74815B907184}.Release|Any CPU.Build.0 = Release|Any CPU
		{50807E60-184B-449E-9B84-5160BC24CAA2}.Debug|Any CPU.ActiveCfg = Debug|Any CPU
		{50807E60-184B-449E-9B84-5160BC24CAA2}.Debug|Any CPU.Build.0 = Debug|Any CPU
		{50807E60-184B-449E-9B84-5160BC24CAA2}.Release|Any CPU.ActiveCfg = Release|Any CPU
		{50807E60-184B-449E-9B84-5160BC24CAA2}.Release|Any CPU.Build.0 = Release|Any CPU
		{096A0E0C-14E8-461D-93C8-53B585CC05C7}.Debug|Any CPU.ActiveCfg = Debug|Any CPU
		{096A0E0C-14E8-461D-93C8-53B585CC05C7}.Debug|Any CPU.Build.0 = Debug|Any CPU
		{096A0E0C-14E8-461D-93C8-53B585CC05C7}.Release|Any CPU.ActiveCfg = Release|Any CPU
		{096A0E0C-14E8-461D-93C8-53B585CC05C7}.Release|Any CPU.Build.0 = Release|Any CPU
	EndGlobalSection
	GlobalSection(SolutionProperties) = preSolution
		HideSolutionNode = FALSE
	EndGlobalSection
	GlobalSection(ExtensibilityGlobals) = postSolution
		SolutionGuid = {B1762569-0CAA-4B7F-B56A-F101D77BA836}
	EndGlobalSection
EndGlobal
